{
  "version": 4,
  "terraform_version": "1.5.2",
  "serial": 761,
  "lineage": "41790e3b-09b1-1218-0e8b-62b88f8edc6f",
  "outputs": {
    "azure_subnet_id": {
      "value": {
        "firewall_subnet": "/subscriptions/39559d00-5c1f-4783-9b0e-6a66d5768506/resourceGroups/iftest-rg/providers/Microsoft.Network/virtualNetworks/VNetTest/subnets/AzureFirewallSubnet",
        "subnet_1": "/subscriptions/39559d00-5c1f-4783-9b0e-6a66d5768506/resourceGroups/iftest-rg/providers/Microsoft.Network/virtualNetworks/VNetTest/subnets/subnet_1",
        "subnet_2": "/subscriptions/39559d00-5c1f-4783-9b0e-6a66d5768506/resourceGroups/iftest-rg/providers/Microsoft.Network/virtualNetworks/VNetTest/subnets/subnet_2",
        "subnet_3": "/subscriptions/39559d00-5c1f-4783-9b0e-6a66d5768506/resourceGroups/iftest-rg/providers/Microsoft.Network/virtualNetworks/VNetTest/subnets/subnet_3"
      },
      "type": [
        "object",
        {
          "firewall_subnet": "string",
          "subnet_1": "string",
          "subnet_2": "string",
          "subnet_3": "string"
        }
      ]
    },
    "azure_vm_pip": {
      "value": {
        "winVM1": ""
      },
      "type": [
        "object",
        {
          "winVM1": "string"
        }
      ]
    },
    "azure_vm_private": {
      "value": {
        "winVM1": "10.1.2.4"
      },
      "type": [
        "object",
        {
          "winVM1": "string"
        }
      ]
    }
  },
  "resources": [
    {
      "mode": "managed",
      "type": "azurerm_firewall",
      "name": "azure_fw",
      "provider": "provider[\"registry.terraform.io/hashicorp/azurerm\"]",
      "instances": [
        {
          "schema_version": 0,
          "attributes": {
            "dns_servers": null,
            "firewall_policy_id": "/subscriptions/39559d00-5c1f-4783-9b0e-6a66d5768506/resourceGroups/iftest-rg/providers/Microsoft.Network/firewallPolicies/firewall_policy",
            "id": "/subscriptions/39559d00-5c1f-4783-9b0e-6a66d5768506/resourceGroups/iftest-rg/providers/Microsoft.Network/azureFirewalls/azurefw",
            "ip_configuration": [
              {
                "name": "firewall-ip-config",
                "private_ip_address": "10.1.4.4",
                "public_ip_address_id": "/subscriptions/39559d00-5c1f-4783-9b0e-6a66d5768506/resourceGroups/iftest-rg/providers/Microsoft.Network/publicIPAddresses/fw_pip",
                "subnet_id": "/subscriptions/39559d00-5c1f-4783-9b0e-6a66d5768506/resourceGroups/iftest-rg/providers/Microsoft.Network/virtualNetworks/VNetTest/subnets/AzureFirewallSubnet"
              }
            ],
            "location": "centralindia",
            "management_ip_configuration": [],
            "name": "azurefw",
            "private_ip_ranges": null,
            "resource_group_name": "iftest-rg",
            "sku_name": "AZFW_VNet",
            "sku_tier": "Standard",
            "tags": null,
            "threat_intel_mode": "Alert",
            "timeouts": null,
            "virtual_hub": [],
            "zones": null
          },
          "sensitive_attributes": [],
          "private": "eyJlMmJmYjczMC1lY2FhLTExZTYtOGY4OC0zNDM2M2JjN2M0YzAiOnsiY3JlYXRlIjo1NDAwMDAwMDAwMDAwLCJkZWxldGUiOjU0MDAwMDAwMDAwMDAsInJlYWQiOjMwMDAwMDAwMDAwMCwidXBkYXRlIjo1NDAwMDAwMDAwMDAwfX0=",
          "dependencies": [
            "azurerm_firewall_policy.firewall_policy",
            "azurerm_public_ip.fw-pip",
            "azurerm_resource_group.vnet_rg",
            "azurerm_subnet.subnet",
            "azurerm_virtual_network.vnet"
          ]
        }
      ]
    },
    {
      "mode": "managed",
      "type": "azurerm_firewall_policy",
      "name": "firewall_policy",
      "provider": "provider[\"registry.terraform.io/hashicorp/azurerm\"]",
      "instances": [
        {
          "schema_version": 0,
          "attributes": {
            "auto_learn_private_ranges_enabled": false,
            "base_policy_id": "",
            "child_policies": [],
            "dns": [],
            "explicit_proxy": [],
            "firewalls": [],
            "id": "/subscriptions/39559d00-5c1f-4783-9b0e-6a66d5768506/resourceGroups/iftest-rg/providers/Microsoft.Network/firewallPolicies/firewall_policy",
            "identity": [],
            "insights": [],
            "intrusion_detection": [],
            "location": "centralindia",
            "name": "firewall_policy",
            "private_ip_ranges": null,
            "resource_group_name": "iftest-rg",
            "rule_collection_groups": [],
            "sku": "Standard",
            "sql_redirect_allowed": null,
            "tags": null,
            "threat_intelligence_allowlist": [],
            "threat_intelligence_mode": "Alert",
            "timeouts": null,
            "tls_certificate": []
          },
          "sensitive_attributes": [],
          "private": "eyJlMmJmYjczMC1lY2FhLTExZTYtOGY4OC0zNDM2M2JjN2M0YzAiOnsiY3JlYXRlIjoxODAwMDAwMDAwMDAwLCJkZWxldGUiOjE4MDAwMDAwMDAwMDAsInJlYWQiOjMwMDAwMDAwMDAwMCwidXBkYXRlIjoxODAwMDAwMDAwMDAwfX0=",
          "dependencies": [
            "azurerm_resource_group.vnet_rg"
          ]
        }
      ]
    },
    {
      "mode": "managed",
      "type": "azurerm_firewall_policy_rule_collection_group",
      "name": "firewall_policies",
      "provider": "provider[\"registry.terraform.io/hashicorp/azurerm\"]",
      "instances": [
        {
          "schema_version": 0,
          "attributes": {
            "application_rule_collection": [
              {
                "action": "Allow",
                "name": "example-application-rule",
                "priority": 500,
                "rule": [
                  {
                    "description": "",
                    "destination_addresses": null,
                    "destination_fqdn_tags": null,
                    "destination_fqdns": [
                      "*.google.com",
                      "*.microsoft.com"
                    ],
                    "destination_urls": null,
                    "name": "app_rule",
                    "protocols": [
                      {
                        "port": 80,
                        "type": "Http"
                      }
                    ],
                    "source_addresses": [
                      "10.6.1.4"
                    ],
                    "source_ip_groups": null,
                    "terminate_tls": false,
                    "web_categories": null
                  }
                ]
              }
            ],
            "firewall_policy_id": "/subscriptions/39559d00-5c1f-4783-9b0e-6a66d5768506/resourceGroups/iftest-rg/providers/Microsoft.Network/firewallPolicies/firewall_policy",
            "id": "/subscriptions/39559d00-5c1f-4783-9b0e-6a66d5768506/resourceGroups/iftest-rg/providers/Microsoft.Network/firewallPolicies/firewall_policy/ruleCollectionGroups/example-fwpolicy-rcg",
            "name": "example-fwpolicy-rcg",
            "nat_rule_collection": [
              {
                "action": "Dnat",
                "name": "firewall_Nat_rules",
                "priority": 300,
                "rule": [
                  {
                    "destination_address": "4.188.226.99",
                    "destination_ports": [
                      "4001"
                    ],
                    "name": "rdp_access3",
                    "protocols": [
                      "TCP"
                    ],
                    "source_addresses": [
                      "83.221.156.201"
                    ],
                    "source_ip_groups": null,
                    "translated_address": "10.1.2.6",
                    "translated_fqdn": "",
                    "translated_port": 3389
                  }
                ]
              }
            ],
            "network_rule_collection": [],
            "priority": 500,
            "timeouts": null
          },
          "sensitive_attributes": [],
          "private": "eyJlMmJmYjczMC1lY2FhLTExZTYtOGY4OC0zNDM2M2JjN2M0YzAiOnsiY3JlYXRlIjoxODAwMDAwMDAwMDAwLCJkZWxldGUiOjE4MDAwMDAwMDAwMDAsInJlYWQiOjMwMDAwMDAwMDAwMCwidXBkYXRlIjoxODAwMDAwMDAwMDAwfX0=",
          "dependencies": [
            "azurerm_firewall_policy.firewall_policy",
            "azurerm_public_ip.fw-pip",
            "azurerm_resource_group.vnet_rg"
          ]
        }
      ]
    },
    {
      "mode": "managed",
      "type": "azurerm_network_interface",
      "name": "vm_public_nic",
      "provider": "provider[\"registry.terraform.io/hashicorp/azurerm\"]",
      "instances": [
        {
          "index_key": "winVM1",
          "schema_version": 0,
          "attributes": {
            "applied_dns_servers": [],
            "dns_servers": [],
            "edge_zone": "",
            "enable_accelerated_networking": false,
            "enable_ip_forwarding": false,
            "id": "/subscriptions/39559d00-5c1f-4783-9b0e-6a66d5768506/resourceGroups/iftest-rg/providers/Microsoft.Network/networkInterfaces/winVM1nic",
            "internal_dns_name_label": "",
            "internal_domain_name_suffix": "laaaqj1s5zquhbe1ne2fkvzdgh.rx.internal.cloudapp.net",
            "ip_configuration": [
              {
                "gateway_load_balancer_frontend_ip_configuration_id": "",
                "name": "winVM1ip_config",
                "primary": true,
                "private_ip_address": "10.1.2.4",
                "private_ip_address_allocation": "Dynamic",
                "private_ip_address_version": "IPv4",
                "public_ip_address_id": "/subscriptions/39559d00-5c1f-4783-9b0e-6a66d5768506/resourceGroups/iftest-rg/providers/Microsoft.Network/publicIPAddresses/winVM1pip",
                "subnet_id": "/subscriptions/39559d00-5c1f-4783-9b0e-6a66d5768506/resourceGroups/iftest-rg/providers/Microsoft.Network/virtualNetworks/VNetTest/subnets/subnet_2"
              }
            ],
            "location": "centralindia",
            "mac_address": "",
            "name": "winVM1nic",
            "private_ip_address": "10.1.2.4",
            "private_ip_addresses": [
              "10.1.2.4"
            ],
            "resource_group_name": "iftest-rg",
            "tags": null,
            "timeouts": null,
            "virtual_machine_id": ""
          },
          "sensitive_attributes": [],
          "private": "eyJlMmJmYjczMC1lY2FhLTExZTYtOGY4OC0zNDM2M2JjN2M0YzAiOnsiY3JlYXRlIjoxODAwMDAwMDAwMDAwLCJkZWxldGUiOjE4MDAwMDAwMDAwMDAsInJlYWQiOjMwMDAwMDAwMDAwMCwidXBkYXRlIjoxODAwMDAwMDAwMDAwfX0=",
          "dependencies": [
            "azurerm_public_ip.vm_public_ip",
            "azurerm_resource_group.vnet_rg",
            "azurerm_subnet.subnet",
            "azurerm_virtual_network.vnet"
          ]
        }
      ]
    },
    {
      "mode": "managed",
      "type": "azurerm_network_security_group",
      "name": "network_security_group",
      "provider": "provider[\"registry.terraform.io/hashicorp/azurerm\"]",
      "instances": [
        {
          "schema_version": 0,
          "attributes": {
            "id": "/subscriptions/39559d00-5c1f-4783-9b0e-6a66d5768506/resourceGroups/iftest-rg/providers/Microsoft.Network/networkSecurityGroups/test",
            "location": "centralindia",
            "name": "test",
            "resource_group_name": "iftest-rg",
            "security_rule": [
              {
                "access": "Allow",
                "description": "",
                "destination_address_prefix": "*",
                "destination_address_prefixes": [],
                "destination_application_security_group_ids": [],
                "destination_port_range": "*",
                "destination_port_ranges": [],
                "direction": "Inbound",
                "name": "allowRDP",
                "priority": 100,
                "protocol": "Tcp",
                "source_address_prefix": "83.221.156.201",
                "source_address_prefixes": [],
                "source_application_security_group_ids": [],
                "source_port_range": "*",
                "source_port_ranges": []
              }
            ],
            "tags": {
              "environment": "Production"
            },
            "timeouts": null
          },
          "sensitive_attributes": [],
          "private": "eyJlMmJmYjczMC1lY2FhLTExZTYtOGY4OC0zNDM2M2JjN2M0YzAiOnsiY3JlYXRlIjoxODAwMDAwMDAwMDAwLCJkZWxldGUiOjE4MDAwMDAwMDAwMDAsInJlYWQiOjMwMDAwMDAwMDAwMCwidXBkYXRlIjoxODAwMDAwMDAwMDAwfX0=",
          "dependencies": [
            "azurerm_resource_group.vnet_rg"
          ]
        }
      ]
    },
    {
      "mode": "managed",
      "type": "azurerm_public_ip",
      "name": "fw-pip",
      "provider": "provider[\"registry.terraform.io/hashicorp/azurerm\"]",
      "instances": [
        {
          "schema_version": 0,
          "attributes": {
            "allocation_method": "Static",
            "ddos_protection_mode": "VirtualNetworkInherited",
            "ddos_protection_plan_id": null,
            "domain_name_label": null,
            "edge_zone": "",
            "fqdn": null,
            "id": "/subscriptions/39559d00-5c1f-4783-9b0e-6a66d5768506/resourceGroups/iftest-rg/providers/Microsoft.Network/publicIPAddresses/fw_pip",
            "idle_timeout_in_minutes": 4,
            "ip_address": "4.188.226.99",
            "ip_tags": null,
            "ip_version": "IPv4",
            "location": "centralindia",
            "name": "fw_pip",
            "public_ip_prefix_id": null,
            "resource_group_name": "iftest-rg",
            "reverse_fqdn": null,
            "sku": "Standard",
            "sku_tier": "Regional",
            "tags": null,
            "timeouts": null,
            "zones": null
          },
          "sensitive_attributes": [],
          "private": "eyJlMmJmYjczMC1lY2FhLTExZTYtOGY4OC0zNDM2M2JjN2M0YzAiOnsiY3JlYXRlIjoxODAwMDAwMDAwMDAwLCJkZWxldGUiOjE4MDAwMDAwMDAwMDAsInJlYWQiOjMwMDAwMDAwMDAwMCwidXBkYXRlIjoxODAwMDAwMDAwMDAwfX0=",
          "dependencies": [
            "azurerm_resource_group.vnet_rg"
          ]
        }
      ]
    },
    {
      "mode": "managed",
      "type": "azurerm_public_ip",
      "name": "vm_public_ip",
      "provider": "provider[\"registry.terraform.io/hashicorp/azurerm\"]",
      "instances": [
        {
          "index_key": "winVM1",
          "schema_version": 0,
          "attributes": {
            "allocation_method": "Dynamic",
            "ddos_protection_mode": "VirtualNetworkInherited",
            "ddos_protection_plan_id": null,
            "domain_name_label": null,
            "edge_zone": "",
            "fqdn": null,
            "id": "/subscriptions/39559d00-5c1f-4783-9b0e-6a66d5768506/resourceGroups/iftest-rg/providers/Microsoft.Network/publicIPAddresses/winVM1pip",
            "idle_timeout_in_minutes": 4,
            "ip_address": "",
            "ip_tags": null,
            "ip_version": "IPv4",
            "location": "centralindia",
            "name": "winVM1pip",
            "public_ip_prefix_id": null,
            "resource_group_name": "iftest-rg",
            "reverse_fqdn": null,
            "sku": "Basic",
            "sku_tier": "Regional",
            "tags": null,
            "timeouts": null,
            "zones": null
          },
          "sensitive_attributes": [],
          "private": "eyJlMmJmYjczMC1lY2FhLTExZTYtOGY4OC0zNDM2M2JjN2M0YzAiOnsiY3JlYXRlIjoxODAwMDAwMDAwMDAwLCJkZWxldGUiOjE4MDAwMDAwMDAwMDAsInJlYWQiOjMwMDAwMDAwMDAwMCwidXBkYXRlIjoxODAwMDAwMDAwMDAwfX0=",
          "dependencies": [
            "azurerm_resource_group.vnet_rg"
          ]
        }
      ]
    },
    {
      "mode": "managed",
      "type": "azurerm_resource_group",
      "name": "vnet_rg",
      "provider": "provider[\"registry.terraform.io/hashicorp/azurerm\"]",
      "instances": [
        {
          "schema_version": 0,
          "attributes": {
            "id": "/subscriptions/39559d00-5c1f-4783-9b0e-6a66d5768506/resourceGroups/iftest-rg",
            "location": "centralindia",
            "managed_by": "",
            "name": "iftest-rg",
            "tags": {
              "Environment": "Lab",
              "Owner": "Sri"
            },
            "timeouts": null
          },
          "sensitive_attributes": [],
          "private": "eyJlMmJmYjczMC1lY2FhLTExZTYtOGY4OC0zNDM2M2JjN2M0YzAiOnsiY3JlYXRlIjo1NDAwMDAwMDAwMDAwLCJkZWxldGUiOjU0MDAwMDAwMDAwMDAsInJlYWQiOjMwMDAwMDAwMDAwMCwidXBkYXRlIjo1NDAwMDAwMDAwMDAwfX0="
        }
      ]
    },
    {
      "mode": "managed",
      "type": "azurerm_subnet",
      "name": "subnet",
      "provider": "provider[\"registry.terraform.io/hashicorp/azurerm\"]",
      "instances": [
        {
          "index_key": "firewall_subnet",
          "schema_version": 0,
          "attributes": {
            "address_prefixes": [
              "10.1.4.0/24"
            ],
            "delegation": [],
            "enforce_private_link_endpoint_network_policies": false,
            "enforce_private_link_service_network_policies": false,
            "id": "/subscriptions/39559d00-5c1f-4783-9b0e-6a66d5768506/resourceGroups/iftest-rg/providers/Microsoft.Network/virtualNetworks/VNetTest/subnets/AzureFirewallSubnet",
            "name": "AzureFirewallSubnet",
            "private_endpoint_network_policies_enabled": true,
            "private_link_service_network_policies_enabled": true,
            "resource_group_name": "iftest-rg",
            "service_endpoint_policy_ids": null,
            "service_endpoints": null,
            "timeouts": null,
            "virtual_network_name": "VNetTest"
          },
          "sensitive_attributes": [],
          "private": "eyJlMmJmYjczMC1lY2FhLTExZTYtOGY4OC0zNDM2M2JjN2M0YzAiOnsiY3JlYXRlIjoxODAwMDAwMDAwMDAwLCJkZWxldGUiOjE4MDAwMDAwMDAwMDAsInJlYWQiOjMwMDAwMDAwMDAwMCwidXBkYXRlIjoxODAwMDAwMDAwMDAwfX0=",
          "dependencies": [
            "azurerm_resource_group.vnet_rg",
            "azurerm_virtual_network.vnet"
          ]
        },
        {
          "index_key": "subnet_1",
          "schema_version": 0,
          "attributes": {
            "address_prefixes": [
              "10.1.1.0/24"
            ],
            "delegation": [],
            "enforce_private_link_endpoint_network_policies": false,
            "enforce_private_link_service_network_policies": false,
            "id": "/subscriptions/39559d00-5c1f-4783-9b0e-6a66d5768506/resourceGroups/iftest-rg/providers/Microsoft.Network/virtualNetworks/VNetTest/subnets/subnet_1",
            "name": "subnet_1",
            "private_endpoint_network_policies_enabled": true,
            "private_link_service_network_policies_enabled": true,
            "resource_group_name": "iftest-rg",
            "service_endpoint_policy_ids": null,
            "service_endpoints": null,
            "timeouts": null,
            "virtual_network_name": "VNetTest"
          },
          "sensitive_attributes": [],
          "private": "eyJlMmJmYjczMC1lY2FhLTExZTYtOGY4OC0zNDM2M2JjN2M0YzAiOnsiY3JlYXRlIjoxODAwMDAwMDAwMDAwLCJkZWxldGUiOjE4MDAwMDAwMDAwMDAsInJlYWQiOjMwMDAwMDAwMDAwMCwidXBkYXRlIjoxODAwMDAwMDAwMDAwfX0=",
          "dependencies": [
            "azurerm_resource_group.vnet_rg",
            "azurerm_virtual_network.vnet"
          ]
        },
        {
          "index_key": "subnet_2",
          "schema_version": 0,
          "attributes": {
            "address_prefixes": [
              "10.1.2.0/24"
            ],
            "delegation": [],
            "enforce_private_link_endpoint_network_policies": false,
            "enforce_private_link_service_network_policies": false,
            "id": "/subscriptions/39559d00-5c1f-4783-9b0e-6a66d5768506/resourceGroups/iftest-rg/providers/Microsoft.Network/virtualNetworks/VNetTest/subnets/subnet_2",
            "name": "subnet_2",
            "private_endpoint_network_policies_enabled": true,
            "private_link_service_network_policies_enabled": true,
            "resource_group_name": "iftest-rg",
            "service_endpoint_policy_ids": null,
            "service_endpoints": null,
            "timeouts": null,
            "virtual_network_name": "VNetTest"
          },
          "sensitive_attributes": [],
          "private": "eyJlMmJmYjczMC1lY2FhLTExZTYtOGY4OC0zNDM2M2JjN2M0YzAiOnsiY3JlYXRlIjoxODAwMDAwMDAwMDAwLCJkZWxldGUiOjE4MDAwMDAwMDAwMDAsInJlYWQiOjMwMDAwMDAwMDAwMCwidXBkYXRlIjoxODAwMDAwMDAwMDAwfX0=",
          "dependencies": [
            "azurerm_resource_group.vnet_rg",
            "azurerm_virtual_network.vnet"
          ]
        },
        {
          "index_key": "subnet_3",
          "schema_version": 0,
          "attributes": {
            "address_prefixes": [
              "10.1.3.0/24"
            ],
            "delegation": [],
            "enforce_private_link_endpoint_network_policies": false,
            "enforce_private_link_service_network_policies": false,
            "id": "/subscriptions/39559d00-5c1f-4783-9b0e-6a66d5768506/resourceGroups/iftest-rg/providers/Microsoft.Network/virtualNetworks/VNetTest/subnets/subnet_3",
            "name": "subnet_3",
            "private_endpoint_network_policies_enabled": true,
            "private_link_service_network_policies_enabled": true,
            "resource_group_name": "iftest-rg",
            "service_endpoint_policy_ids": null,
            "service_endpoints": null,
            "timeouts": null,
            "virtual_network_name": "VNetTest"
          },
          "sensitive_attributes": [],
          "private": "eyJlMmJmYjczMC1lY2FhLTExZTYtOGY4OC0zNDM2M2JjN2M0YzAiOnsiY3JlYXRlIjoxODAwMDAwMDAwMDAwLCJkZWxldGUiOjE4MDAwMDAwMDAwMDAsInJlYWQiOjMwMDAwMDAwMDAwMCwidXBkYXRlIjoxODAwMDAwMDAwMDAwfX0=",
          "dependencies": [
            "azurerm_resource_group.vnet_rg",
            "azurerm_virtual_network.vnet"
          ]
        }
      ]
    },
    {
      "mode": "managed",
      "type": "azurerm_virtual_network",
      "name": "vnet",
      "provider": "provider[\"registry.terraform.io/hashicorp/azurerm\"]",
      "instances": [
        {
          "schema_version": 0,
          "attributes": {
            "address_space": [
              "10.1.0.0/16"
            ],
            "bgp_community": "",
            "ddos_protection_plan": [],
            "dns_servers": [],
            "edge_zone": "",
            "flow_timeout_in_minutes": 0,
            "guid": "27080058-fe72-4361-849b-693855572337",
            "id": "/subscriptions/39559d00-5c1f-4783-9b0e-6a66d5768506/resourceGroups/iftest-rg/providers/Microsoft.Network/virtualNetworks/VNetTest",
            "location": "centralindia",
            "name": "VNetTest",
            "resource_group_name": "iftest-rg",
            "subnet": [],
            "tags": {
              "Environment": "Lab",
              "Owner": "Sri"
            },
            "timeouts": null
          },
          "sensitive_attributes": [],
          "private": "eyJlMmJmYjczMC1lY2FhLTExZTYtOGY4OC0zNDM2M2JjN2M0YzAiOnsiY3JlYXRlIjoxODAwMDAwMDAwMDAwLCJkZWxldGUiOjE4MDAwMDAwMDAwMDAsInJlYWQiOjMwMDAwMDAwMDAwMCwidXBkYXRlIjoxODAwMDAwMDAwMDAwfX0=",
          "dependencies": [
            "azurerm_resource_group.vnet_rg"
          ]
        }
      ]
    },
    {
      "mode": "managed",
      "type": "azurerm_windows_virtual_machine",
      "name": "vm",
      "provider": "provider[\"registry.terraform.io/hashicorp/azurerm\"]",
      "instances": [
        {
          "index_key": "winVM1",
          "schema_version": 0,
          "attributes": {
            "additional_capabilities": [],
            "additional_unattend_content": [],
            "admin_password": "Password@123",
            "admin_username": "demousr",
            "allow_extension_operations": true,
            "availability_set_id": "",
            "boot_diagnostics": [],
            "capacity_reservation_group_id": "",
            "computer_name": "winVM1",
            "custom_data": null,
            "dedicated_host_group_id": "",
            "dedicated_host_id": "",
            "edge_zone": "",
            "enable_automatic_updates": true,
            "encryption_at_host_enabled": false,
            "eviction_policy": "",
            "extensions_time_budget": "PT1H30M",
            "gallery_application": [],
            "hotpatching_enabled": false,
            "id": "/subscriptions/39559d00-5c1f-4783-9b0e-6a66d5768506/resourceGroups/iftest-rg/providers/Microsoft.Compute/virtualMachines/winVM1",
            "identity": [],
            "license_type": "",
            "location": "centralindia",
            "max_bid_price": -1,
            "name": "winVM1",
            "network_interface_ids": [
              "/subscriptions/39559d00-5c1f-4783-9b0e-6a66d5768506/resourceGroups/iftest-rg/providers/Microsoft.Network/networkInterfaces/winVM1nic"
            ],
            "os_disk": [
              {
                "caching": "ReadWrite",
                "diff_disk_settings": [],
                "disk_encryption_set_id": "",
                "disk_size_gb": 127,
                "name": "winVM1_OsDisk_1_ffe04e05e4c64f1c8e84459a359786b1",
                "secure_vm_disk_encryption_set_id": "",
                "security_encryption_type": "",
                "storage_account_type": "StandardSSD_LRS",
                "write_accelerator_enabled": false
              }
            ],
            "patch_assessment_mode": "ImageDefault",
            "patch_mode": "AutomaticByOS",
            "plan": [],
            "platform_fault_domain": -1,
            "priority": "Regular",
            "private_ip_address": "10.1.2.4",
            "private_ip_addresses": [
              "10.1.2.4"
            ],
            "provision_vm_agent": true,
            "proximity_placement_group_id": "",
            "public_ip_address": "4.224.87.145",
            "public_ip_addresses": [
              "4.224.87.145"
            ],
            "resource_group_name": "iftest-rg",
            "secret": [],
            "secure_boot_enabled": false,
            "size": "Standard_DS1_v2",
            "source_image_id": "",
            "source_image_reference": [
              {
                "offer": "WindowsServer",
                "publisher": "MicrosoftWindowsServer",
                "sku": "2022-Datacenter",
                "version": "latest"
              }
            ],
            "tags": null,
            "termination_notification": null,
            "timeouts": null,
            "timezone": "",
            "user_data": "",
            "virtual_machine_id": "1d19f81c-894e-42fe-88f7-d160d2604152",
            "virtual_machine_scale_set_id": "",
            "vtpm_enabled": false,
            "winrm_listener": [],
            "zone": ""
          },
          "sensitive_attributes": [],
          "private": "eyJlMmJmYjczMC1lY2FhLTExZTYtOGY4OC0zNDM2M2JjN2M0YzAiOnsiY3JlYXRlIjoyNzAwMDAwMDAwMDAwLCJkZWxldGUiOjI3MDAwMDAwMDAwMDAsInJlYWQiOjMwMDAwMDAwMDAwMCwidXBkYXRlIjoyNzAwMDAwMDAwMDAwfX0=",
          "dependencies": [
            "azurerm_network_interface.vm_public_nic",
            "azurerm_public_ip.vm_public_ip",
            "azurerm_resource_group.vnet_rg",
            "azurerm_subnet.subnet",
            "azurerm_virtual_network.vnet"
          ]
        }
      ]
    }
  ],
  "check_results": null
}
